
Microsoft Visual Studio Solution File, Format Version 12.00
# Visual Studio Version 17
VisualStudioVersion = 17.11.35222.181
MinimumVisualStudioVersion = 10.0.40219.1
Project("{FAE04EC0-301F-11D3-BF4B-00C04F79EFBC}") = "Assignment1", "Assignment1\Assignment1.csproj", "{008A7660-3BC3-4BE9-A385-6A3ED00D83B9}"
EndProject
Global
	GlobalSection(SolutionConfigurationPlatforms) = preSolution
		Debug|Any CPU = Debug|Any CPU
		Release|Any CPU = Release|Any CPU
	EndGlobalSection
	GlobalSection(ProjectConfigurationPlatforms) = postSolution
		{008A7660-3BC3-4BE9-A385-6A3ED00D83B9}.Debug|Any CPU.ActiveCfg = Debug|Any CPU
		{008A7660-3BC3-4BE9-A385-6A3ED00D83B9}.Debug|Any CPU.Build.0 = Debug|Any CPU
		{008A7660-3BC3-4BE9-A385-6A3ED00D83B9}.Release|Any CPU.ActiveCfg = Release|Any CPU
		{008A7660-3BC3-4BE9-A385-6A3ED00D83B9}.Release|Any CPU.Build.0 = Release|Any CPU
	EndGlobalSection
	GlobalSection(SolutionProperties) = preSolution
		HideSolutionNode = FALSE
	EndGlobalSection
	GlobalSection(ExtensibilityGlobals) = postSolution
		SolutionGuid = {153AD0CC-8A22-4873-9E8D-5C1486AC0361}
	EndGlobalSection
EndGlobal
